
Microsoft Visual Studio Solution File, Format Version 12.00
# Visual Studio Version 17
VisualStudioVersion = 17.14.36616.10
MinimumVisualStudioVersion = 10.0.40219.1
Project("{FAE04EC0-301F-11D3-BF4B-00C04F79EFBC}") = "ChatClientProviders", "ChatClientProviders\ChatClientProviders.csproj", "{E4D71449-1F48-4A92-8145-E8550976F5B2}"
EndProject
Project("{FAE04EC0-301F-11D3-BF4B-00C04F79EFBC}") = "MultiTurnConversation", "MultiTurnConversation\MultiTurnConversation.csproj", "{815DD9EB-B8DE-C887-9040-FA226ACC3D74}"
EndProject
Project("{FAE04EC0-301F-11D3-BF4B-00C04F79EFBC}") = "SimpleISDAgent", "SimpleISDAgent\SimpleISDAgent.csproj", "{86838C2E-76BD-0201-A392-D6F8E2B5CDED}"
EndProject
Project("{FAE04EC0-301F-11D3-BF4B-00C04F79EFBC}") = "OpenAIIsdAgentTool", "OpenAIIsdAgentTool\OpenAIIsdAgentTool.csproj", "{B19F476E-76E3-D83B-D0FB-5DAC209ACE8C}"
EndProject
Global
	GlobalSection(SolutionConfigurationPlatforms) = preSolution
		Debug|Any CPU = Debug|Any CPU
		Debug|x64 = Debug|x64
		Debug|x86 = Debug|x86
		Release|Any CPU = Release|Any CPU
		Release|x64 = Release|x64
		Release|x86 = Release|x86
	EndGlobalSection
	GlobalSection(ProjectConfigurationPlatforms) = postSolution
		{E4D71449-1F48-4A92-8145-E8550976F5B2}.Debug|Any CPU.ActiveCfg = Debug|Any CPU
		{E4D71449-1F48-4A92-8145-E8550976F5B2}.Debug|Any CPU.Build.0 = Debug|Any CPU
		{E4D71449-1F48-4A92-8145-E8550976F5B2}.Debug|x64.ActiveCfg = Debug|Any CPU
		{E4D71449-1F48-4A92-8145-E8550976F5B2}.Debug|x64.Build.0 = Debug|Any CPU
		{E4D71449-1F48-4A92-8145-E8550976F5B2}.Debug|x86.ActiveCfg = Debug|Any CPU
		{E4D71449-1F48-4A92-8145-E8550976F5B2}.Debug|x86.Build.0 = Debug|Any CPU
		{E4D71449-1F48-4A92-8145-E8550976F5B2}.Release|Any CPU.ActiveCfg = Release|Any CPU
		{E4D71449-1F48-4A92-8145-E8550976F5B2}.Release|Any CPU.Build.0 = Release|Any CPU
		{E4D71449-1F48-4A92-8145-E8550976F5B2}.Release|x64.ActiveCfg = Release|Any CPU
		{E4D71449-1F48-4A92-8145-E8550976F5B2}.Release|x64.Build.0 = Release|Any CPU
		{E4D71449-1F48-4A92-8145-E8550976F5B2}.Release|x86.ActiveCfg = Release|Any CPU
		{E4D71449-1F48-4A92-8145-E8550976F5B2}.Release|x86.Build.0 = Release|Any CPU
		{815DD9EB-B8DE-C887-9040-FA226ACC3D74}.Debug|Any CPU.ActiveCfg = Debug|Any CPU
		{815DD9EB-B8DE-C887-9040-FA226ACC3D74}.Debug|Any CPU.Build.0 = Debug|Any CPU
		{815DD9EB-B8DE-C887-9040-FA226ACC3D74}.Debug|x64.ActiveCfg = Debug|Any CPU
		{815DD9EB-B8DE-C887-9040-FA226ACC3D74}.Debug|x64.Build.0 = Debug|Any CPU
		{815DD9EB-B8DE-C887-9040-FA226ACC3D74}.Debug|x86.ActiveCfg = Debug|Any CPU
		{815DD9EB-B8DE-C887-9040-FA226ACC3D74}.Debug|x86.Build.0 = Debug|Any CPU
		{815DD9EB-B8DE-C887-9040-FA226ACC3D74}.Release|Any CPU.ActiveCfg = Release|Any CPU
		{815DD9EB-B8DE-C887-9040-FA226ACC3D74}.Release|Any CPU.Build.0 = Release|Any CPU
		{815DD9EB-B8DE-C887-9040-FA226ACC3D74}.Release|x64.ActiveCfg = Release|Any CPU
		{815DD9EB-B8DE-C887-9040-FA226ACC3D74}.Release|x64.Build.0 = Release|Any CPU
		{815DD9EB-B8DE-C887-9040-FA226ACC3D74}.Release|x86.ActiveCfg = Release|Any CPU
		{815DD9EB-B8DE-C887-9040-FA226ACC3D74}.Release|x86.Build.0 = Release|Any CPU
		{86838C2E-76BD-0201-A392-D6F8E2B5CDED}.Debug|Any CPU.ActiveCfg = Debug|Any CPU
		{86838C2E-76BD-0201-A392-D6F8E2B5CDED}.Debug|Any CPU.Build.0 = Debug|Any CPU
		{86838C2E-76BD-0201-A392-D6F8E2B5CDED}.Debug|x64.ActiveCfg = Debug|Any CPU
		{86838C2E-76BD-0201-A392-D6F8E2B5CDED}.Debug|x64.Build.0 = Debug|Any CPU
		{86838C2E-76BD-0201-A392-D6F8E2B5CDED}.Debug|x86.ActiveCfg = Debug|Any CPU
		{86838C2E-76BD-0201-A392-D6F8E2B5CDED}.Debug|x86.Build.0 = Debug|Any CPU
		{86838C2E-76BD-0201-A392-D6F8E2B5CDED}.Release|Any CPU.ActiveCfg = Release|Any CPU
		{86838C2E-76BD-0201-A392-D6F8E2B5CDED}.Release|Any CPU.Build.0 = Release|Any CPU
		{86838C2E-76BD-0201-A392-D6F8E2B5CDED}.Release|x64.ActiveCfg = Release|Any CPU
		{86838C2E-76BD-0201-A392-D6F8E2B5CDED}.Release|x64.Build.0 = Release|Any CPU
		{86838C2E-76BD-0201-A392-D6F8E2B5CDED}.Release|x86.ActiveCfg = Release|Any CPU
		{86838C2E-76BD-0201-A392-D6F8E2B5CDED}.Release|x86.Build.0 = Release|Any CPU
		{B19F476E-76E3-D83B-D0FB-5DAC209ACE8C}.Debug|Any CPU.ActiveCfg = Debug|Any CPU
		{B19F476E-76E3-D83B-D0FB-5DAC209ACE8C}.Debug|Any CPU.Build.0 = Debug|Any CPU
		{B19F476E-76E3-D83B-D0FB-5DAC209ACE8C}.Debug|x64.ActiveCfg = Debug|Any CPU
		{B19F476E-76E3-D83B-D0FB-5DAC209ACE8C}.Debug|x64.Build.0 = Debug|Any CPU
		{B19F476E-76E3-D83B-D0FB-5DAC209ACE8C}.Debug|x86.ActiveCfg = Debug|Any CPU
		{B19F476E-76E3-D83B-D0FB-5DAC209ACE8C}.Debug|x86.Build.0 = Debug|Any CPU
		{B19F476E-76E3-D83B-D0FB-5DAC209ACE8C}.Release|Any CPU.ActiveCfg = Release|Any CPU
		{B19F476E-76E3-D83B-D0FB-5DAC209ACE8C}.Release|Any CPU.Build.0 = Release|Any CPU
		{B19F476E-76E3-D83B-D0FB-5DAC209ACE8C}.Release|x64.ActiveCfg = Release|Any CPU
		{B19F476E-76E3-D83B-D0FB-5DAC209ACE8C}.Release|x64.Build.0 = Release|Any CPU
		{B19F476E-76E3-D83B-D0FB-5DAC209ACE8C}.Release|x86.ActiveCfg = Release|Any CPU
		{B19F476E-76E3-D83B-D0FB-5DAC209ACE8C}.Release|x86.Build.0 = Release|Any CPU
	EndGlobalSection
	GlobalSection(SolutionProperties) = preSolution
		HideSolutionNode = FALSE
	EndGlobalSection
	GlobalSection(ExtensibilityGlobals) = postSolution
		SolutionGuid = {8D3FCC3C-3DD4-45C5-A291-86FAD32F8129}
	EndGlobalSection
EndGlobal
